
Microsoft Visual Studio Solution File, Format Version 12.00
# Visual Studio Version 16
VisualStudioVersion = 16.0.31028.14
MinimumVisualStudioVersion = 10.0.40219.1
Project("{9A19103F-16F7-4668-BE54-9A1E7A4F7556}") = "1289207", "1289207.csproj", "{AB1CAA19-7BDC-4E47-8506-88DD7EE1D432}"
EndProject
Global
	GlobalSection(SolutionConfigurationPlatforms) = preSolution
		Debug|Any CPU = Debug|Any CPU
		Release|Any CPU = Release|Any CPU
	EndGlobalSection
	GlobalSection(ProjectConfigurationPlatforms) = postSolution
		{AB1CAA19-7BDC-4E47-8506-88DD7EE1D432}.Debug|Any CPU.ActiveCfg = Debug|Any CPU
		{AB1CAA19-7BDC-4E47-8506-88DD7EE1D432}.Debug|Any CPU.Build.0 = Debug|Any CPU
		{AB1CAA19-7BDC-4E47-8506-88DD7EE1D432}.Release|Any CPU.ActiveCfg = Release|Any CPU
		{AB1CAA19-7BDC-4E47-8506-88DD7EE1D432}.Release|Any CPU.Build.0 = Release|Any CPU
	EndGlobalSection
	GlobalSection(SolutionProperties) = preSolution
		HideSolutionNode = FALSE
	EndGlobalSection
	GlobalSection(ExtensibilityGlobals) = postSolution
		SolutionGuid = {B53E7EE4-4B05-4A89-9BFC-4A358FC365A4}
	EndGlobalSection
EndGlobal
